
Microsoft Visual Studio Solution File, Format Version 12.00
# Visual Studio 15
VisualStudioVersion = 15.0.27130.2027
MinimumVisualStudioVersion = 10.0.40219.1
Project("{FAE04EC0-301F-11D3-BF4B-00C04F79EFBC}") = "WindowsFormsApp1", "WindowsFormsApp1\WindowsFormsApp1.csproj", "{ED287E14-E70D-493F-93C1-5F49C777C4FB}"
EndProject
Global
	GlobalSection(SolutionConfigurationPlatforms) = preSolution
		Debug|Any CPU = Debug|Any CPU
		Release|Any CPU = Release|Any CPU
	EndGlobalSection
	GlobalSection(ProjectConfigurationPlatforms) = postSolution
		{ED287E14-E70D-493F-93C1-5F49C777C4FB}.Debug|Any CPU.ActiveCfg = Debug|Any CPU
		{ED287E14-E70D-493F-93C1-5F49C777C4FB}.Debug|Any CPU.Build.0 = Debug|Any CPU
		{ED287E14-E70D-493F-93C1-5F49C777C4FB}.Release|Any CPU.ActiveCfg = Release|Any CPU
		{ED287E14-E70D-493F-93C1-5F49C777C4FB}.Release|Any CPU.Build.0 = Release|Any CPU
	EndGlobalSection
	GlobalSection(SolutionProperties) = preSolution
		HideSolutionNode = FALSE
	EndGlobalSection
	GlobalSection(ExtensibilityGlobals) = postSolution
		SolutionGuid = {2041A0B3-62A3-4B42-8127-FDC7A0DE8643}
	EndGlobalSection
EndGlobal
